{
  "name": "helianas-crafting",
  "version": "1.0.0",
  "lockfileVersion": 2,
  "requires": true,
  "packages": {
    "": {
      "name": "helianas-crafting",
      "version": "1.0.0",
      "devDependencies": {
        "csv": "^6.2.8",
        "file-system": "^1.2.2",
        "prettier": "^2.8.7"
      }
    },
    "node_modules/csv": {
      "version": "6.2.8",
      "resolved": "https://registry.npmjs.org/csv/-/csv-6.2.8.tgz",
      "integrity": "sha512-QGemEqFr5XgbHcufWwO+qnReFhClbd+6WywKDVqEXmRfGrJHl5fRrlphZUnsky2YAwcCxYJJilPUfaWbuBMfWA==",
      "dev": true,
      "dependencies": {
        "csv-generate": "^4.2.2",
        "csv-parse": "^5.3.6",
        "csv-stringify": "^6.3.0",
        "stream-transform": "^3.2.2"
      },
      "engines": {
        "node": ">= 0.1.90"
      }
    },
    "node_modules/csv-generate": {
      "version": "4.2.2",
      "resolved": "https://registry.npmjs.org/csv-generate/-/csv-generate-4.2.2.tgz",
      "integrity": "sha512-Ah/NcMxHMqwQsuL173yp8EOzHrbLh8iyScqTy990b+TJZNjHhy7gs5FfSmyQ2arLC2QVrueO3DYJVQnibJB3WQ==",
      "dev": true
    },
    "node_modules/csv-parse": {
      "version": "5.3.6",
      "resolved": "https://registry.npmjs.org/csv-parse/-/csv-parse-5.3.6.tgz",
      "integrity": "sha512-WI330GjCuEioK/ii8HM2YE/eV+ynpeLvU+RXw4R8bRU8R0laK5zO3fDsc4gH8s472e3Ga38rbIjCAiQh+tEHkw==",
      "dev": true
    },
    "node_modules/csv-stringify": {
      "version": "6.3.0",
      "resolved": "https://registry.npmjs.org/csv-stringify/-/csv-stringify-6.3.0.tgz",
      "integrity": "sha512-kTnnBkkLmAR1G409aUdShppWUClNbBQZXhrKrXzKYBGw4yfROspiFvVmjbKonCrdGfwnqwMXKLQG7ej7K/jwjg==",
      "dev": true
    },
    "node_modules/file-system": {
      "version": "1.2.2",
      "resolved": "https://registry.npmjs.org/file-system/-/file-system-1.2.2.tgz",
      "integrity": "sha512-bXo+oSzATieYHSIFXDmtSyS2Im7VSv1Kc0A5xvVUDvuYS2IpOb7gWYT2J5tjYA5p+OHALZFogFDPUFMZRmRLfA==",
      "dev": true
    },
    "node_modules/prettier": {
      "version": "2.8.7",
      "resolved": "https://registry.npmjs.org/prettier/-/prettier-2.8.7.tgz",
      "integrity": "sha512-yPngTo3aXUUmyuTjeTUT75txrf+aMh9FiD7q9ZE/i6r0bPb22g4FsE6Y338PQX1bmfy08i9QQCB7/rcUAVntfw==",
      "dev": true,
      "bin": {
        "prettier": "bin-prettier.js"
      },
      "engines": {
        "node": ">=10.13.0"
      },
      "funding": {
        "url": "https://github.com/prettier/prettier?sponsor=1"
      }
    },
    "node_modules/stream-transform": {
      "version": "3.2.2",
      "resolved": "https://registry.npmjs.org/stream-transform/-/stream-transform-3.2.2.tgz",
      "integrity": "sha512-DHZQPNxvjU2qdQlGcpitn8pkJHQVTqdshtgXaLz6Vc5VCAognbGuuwGS5ugeqGVnyw8j4h89QcV8cwm0D1+V0A==",
      "dev": true
    }
  },
  "dependencies": {
    "csv": {
      "version": "6.2.8",
      "resolved": "https://registry.npmjs.org/csv/-/csv-6.2.8.tgz",
      "integrity": "sha512-QGemEqFr5XgbHcufWwO+qnReFhClbd+6WywKDVqEXmRfGrJHl5fRrlphZUnsky2YAwcCxYJJilPUfaWbuBMfWA==",
      "dev": true,
      "requires": {
        "csv-generate": "^4.2.2",
        "csv-parse": "^5.3.6",
        "csv-stringify": "^6.3.0",
        "stream-transform": "^3.2.2"
      }
    },
    "csv-generate": {
      "version": "4.2.2",
      "resolved": "https://registry.npmjs.org/csv-generate/-/csv-generate-4.2.2.tgz",
      "integrity": "sha512-Ah/NcMxHMqwQsuL173yp8EOzHrbLh8iyScqTy990b+TJZNjHhy7gs5FfSmyQ2arLC2QVrueO3DYJVQnibJB3WQ==",
      "dev": true
    },
    "csv-parse": {
      "version": "5.3.6",
      "resolved": "https://registry.npmjs.org/csv-parse/-/csv-parse-5.3.6.tgz",
      "integrity": "sha512-WI330GjCuEioK/ii8HM2YE/eV+ynpeLvU+RXw4R8bRU8R0laK5zO3fDsc4gH8s472e3Ga38rbIjCAiQh+tEHkw==",
      "dev": true
    },
    "csv-stringify": {
      "version": "6.3.0",
      "resolved": "https://registry.npmjs.org/csv-stringify/-/csv-stringify-6.3.0.tgz",
      "integrity": "sha512-kTnnBkkLmAR1G409aUdShppWUClNbBQZXhrKrXzKYBGw4yfROspiFvVmjbKonCrdGfwnqwMXKLQG7ej7K/jwjg==",
      "dev": true
    },
    "file-system": {
      "version": "1.2.2",
      "resolved": "https://registry.npmjs.org/file-system/-/file-system-1.2.2.tgz",
      "integrity": "sha512-bXo+oSzATieYHSIFXDmtSyS2Im7VSv1Kc0A5xvVUDvuYS2IpOb7gWYT2J5tjYA5p+OHALZFogFDPUFMZRmRLfA==",
      "dev": true
    },
    "prettier": {
      "version": "2.8.7",
      "resolved": "https://registry.npmjs.org/prettier/-/prettier-2.8.7.tgz",
      "integrity": "sha512-yPngTo3aXUUmyuTjeTUT75txrf+aMh9FiD7q9ZE/i6r0bPb22g4FsE6Y338PQX1bmfy08i9QQCB7/rcUAVntfw==",
      "dev": true
    },
    "stream-transform": {
      "version": "3.2.2",
      "resolved": "https://registry.npmjs.org/stream-transform/-/stream-transform-3.2.2.tgz",
      "integrity": "sha512-DHZQPNxvjU2qdQlGcpitn8pkJHQVTqdshtgXaLz6Vc5VCAognbGuuwGS5ugeqGVnyw8j4h89QcV8cwm0D1+V0A==",
      "dev": true
    }
  }
}
